
Microsoft Visual Studio Solution File, Format Version 12.00
# Visual Studio Version 17
VisualStudioVersion = 17.6.33815.320
MinimumVisualStudioVersion = 10.0.40219.1
Project("{2150E333-8FDC-42A3-9474-1A3956D46DE8}") = "FrontEnd", "FrontEnd", "{D85EBFFF-F543-4BE2-B400-715E43FAADBC}"
EndProject
Project("{2150E333-8FDC-42A3-9474-1A3956D46DE8}") = "Gateway", "Gateway", "{515FC6E7-5CA5-4935-A95F-7DC251D4E5BC}"
EndProject
Project("{2150E333-8FDC-42A3-9474-1A3956D46DE8}") = "Integration", "Integration", "{79C29B76-2CCF-4971-A123-EE4564F7AF3B}"
EndProject
Project("{2150E333-8FDC-42A3-9474-1A3956D46DE8}") = "Services", "Services", "{114505B7-033A-49F3-958E-2700A320A9D1}"
EndProject
Project("{9A19103F-16F7-4668-BE54-9A1E7A4F7556}") = "Mango.Services.CouponAPI", "Mango.Services.CouponAPI\Mango.Services.CouponAPI.csproj", "{1C18F533-65B9-40A0-905B-B164EA39B939}"
EndProject
Project("{9A19103F-16F7-4668-BE54-9A1E7A4F7556}") = "Mango.Web", "Mango.Web\Mango.Web.csproj", "{7EAA83C2-DCF2-4A7E-B3AF-17877B31587A}"
EndProject
Project("{9A19103F-16F7-4668-BE54-9A1E7A4F7556}") = "Mango.Services.AuthAPI", "Mango.Services.AuthAPI\Mango.Services.AuthAPI.csproj", "{861B4072-0B09-4631-A1A2-FA743B2E4E56}"
EndProject
Project("{9A19103F-16F7-4668-BE54-9A1E7A4F7556}") = "Mango.Service.ProductAPI", "Mango.Service.ProductAPI\Mango.Service.ProductAPI.csproj", "{0C0C657F-0E4D-4656-A844-5683223331F4}"
EndProject
Project("{9A19103F-16F7-4668-BE54-9A1E7A4F7556}") = "Mango.Services.ShoppingCartAPI", "Mango.Services.ShoppingCartAPI\Mango.Services.ShoppingCartAPI.csproj", "{5C19E4ED-B4B6-4F3F-AC65-329FE4827CB5}"
EndProject
Project("{9A19103F-16F7-4668-BE54-9A1E7A4F7556}") = "Mango.MessageBus", "Mango.MessageBus\Mango.MessageBus.csproj", "{C0FC6982-FA90-4A29-A45E-E7E1EED170E2}"
EndProject
Project("{9A19103F-16F7-4668-BE54-9A1E7A4F7556}") = "Mango.Service.EmailAPI", "Mango.Service.EmailAPI\Mango.Service.EmailAPI.csproj", "{B61D6211-3E5F-4656-BE0E-0504F80B252D}"
EndProject
Project("{9A19103F-16F7-4668-BE54-9A1E7A4F7556}") = "Mango.Services.OrderAPI", "Mango.Services.OrderAPI\Mango.Services.OrderAPI.csproj", "{96113307-7855-47D8-B439-B8C7D7B603B3}"
EndProject
Project("{9A19103F-16F7-4668-BE54-9A1E7A4F7556}") = "Mango.Services.RewardAPI", "Mango.Services.RewardAPI\Mango.Services.RewardAPI.csproj", "{1552D342-CE3C-4D44-A30E-26F1139246CE}"
EndProject
Project("{FAE04EC0-301F-11D3-BF4B-00C04F79EFBC}") = "Mango.GatewaySolution", "Mango.GatewaySolution\Mango.GatewaySolution.csproj", "{1D585ADB-CD66-494A-8696-7C960989FA28}"
EndProject
Global
	GlobalSection(SolutionConfigurationPlatforms) = preSolution
		Debug|Any CPU = Debug|Any CPU
		Release|Any CPU = Release|Any CPU
	EndGlobalSection
	GlobalSection(ProjectConfigurationPlatforms) = postSolution
		{1C18F533-65B9-40A0-905B-B164EA39B939}.Debug|Any CPU.ActiveCfg = Debug|Any CPU
		{1C18F533-65B9-40A0-905B-B164EA39B939}.Debug|Any CPU.Build.0 = Debug|Any CPU
		{1C18F533-65B9-40A0-905B-B164EA39B939}.Release|Any CPU.ActiveCfg = Release|Any CPU
		{1C18F533-65B9-40A0-905B-B164EA39B939}.Release|Any CPU.Build.0 = Release|Any CPU
		{7EAA83C2-DCF2-4A7E-B3AF-17877B31587A}.Debug|Any CPU.ActiveCfg = Debug|Any CPU
		{7EAA83C2-DCF2-4A7E-B3AF-17877B31587A}.Debug|Any CPU.Build.0 = Debug|Any CPU
		{7EAA83C2-DCF2-4A7E-B3AF-17877B31587A}.Release|Any CPU.ActiveCfg = Release|Any CPU
		{7EAA83C2-DCF2-4A7E-B3AF-17877B31587A}.Release|Any CPU.Build.0 = Release|Any CPU
		{861B4072-0B09-4631-A1A2-FA743B2E4E56}.Debug|Any CPU.ActiveCfg = Debug|Any CPU
		{861B4072-0B09-4631-A1A2-FA743B2E4E56}.Debug|Any CPU.Build.0 = Debug|Any CPU
		{861B4072-0B09-4631-A1A2-FA743B2E4E56}.Release|Any CPU.ActiveCfg = Release|Any CPU
		{861B4072-0B09-4631-A1A2-FA743B2E4E56}.Release|Any CPU.Build.0 = Release|Any CPU
		{0C0C657F-0E4D-4656-A844-5683223331F4}.Debug|Any CPU.ActiveCfg = Debug|Any CPU
		{0C0C657F-0E4D-4656-A844-5683223331F4}.Debug|Any CPU.Build.0 = Debug|Any CPU
		{0C0C657F-0E4D-4656-A844-5683223331F4}.Release|Any CPU.ActiveCfg = Release|Any CPU
		{0C0C657F-0E4D-4656-A844-5683223331F4}.Release|Any CPU.Build.0 = Release|Any CPU
		{5C19E4ED-B4B6-4F3F-AC65-329FE4827CB5}.Debug|Any CPU.ActiveCfg = Debug|Any CPU
		{5C19E4ED-B4B6-4F3F-AC65-329FE4827CB5}.Debug|Any CPU.Build.0 = Debug|Any CPU
		{5C19E4ED-B4B6-4F3F-AC65-329FE4827CB5}.Release|Any CPU.ActiveCfg = Release|Any CPU
		{5C19E4ED-B4B6-4F3F-AC65-329FE4827CB5}.Release|Any CPU.Build.0 = Release|Any CPU
		{C0FC6982-FA90-4A29-A45E-E7E1EED170E2}.Debug|Any CPU.ActiveCfg = Debug|Any CPU
		{C0FC6982-FA90-4A29-A45E-E7E1EED170E2}.Debug|Any CPU.Build.0 = Debug|Any CPU
		{C0FC6982-FA90-4A29-A45E-E7E1EED170E2}.Release|Any CPU.ActiveCfg = Release|Any CPU
		{C0FC6982-FA90-4A29-A45E-E7E1EED170E2}.Release|Any CPU.Build.0 = Release|Any CPU
		{B61D6211-3E5F-4656-BE0E-0504F80B252D}.Debug|Any CPU.ActiveCfg = Debug|Any CPU
		{B61D6211-3E5F-4656-BE0E-0504F80B252D}.Debug|Any CPU.Build.0 = Debug|Any CPU
		{B61D6211-3E5F-4656-BE0E-0504F80B252D}.Release|Any CPU.ActiveCfg = Release|Any CPU
		{B61D6211-3E5F-4656-BE0E-0504F80B252D}.Release|Any CPU.Build.0 = Release|Any CPU
		{96113307-7855-47D8-B439-B8C7D7B603B3}.Debug|Any CPU.ActiveCfg = Debug|Any CPU
		{96113307-7855-47D8-B439-B8C7D7B603B3}.Debug|Any CPU.Build.0 = Debug|Any CPU
		{96113307-7855-47D8-B439-B8C7D7B603B3}.Release|Any CPU.ActiveCfg = Release|Any CPU
		{96113307-7855-47D8-B439-B8C7D7B603B3}.Release|Any CPU.Build.0 = Release|Any CPU
		{1552D342-CE3C-4D44-A30E-26F1139246CE}.Debug|Any CPU.ActiveCfg = Debug|Any CPU
		{1552D342-CE3C-4D44-A30E-26F1139246CE}.Debug|Any CPU.Build.0 = Debug|Any CPU
		{1552D342-CE3C-4D44-A30E-26F1139246CE}.Release|Any CPU.ActiveCfg = Release|Any CPU
		{1552D342-CE3C-4D44-A30E-26F1139246CE}.Release|Any CPU.Build.0 = Release|Any CPU
		{1D585ADB-CD66-494A-8696-7C960989FA28}.Debug|Any CPU.ActiveCfg = Debug|Any CPU
		{1D585ADB-CD66-494A-8696-7C960989FA28}.Debug|Any CPU.Build.0 = Debug|Any CPU
		{1D585ADB-CD66-494A-8696-7C960989FA28}.Release|Any CPU.ActiveCfg = Release|Any CPU
		{1D585ADB-CD66-494A-8696-7C960989FA28}.Release|Any CPU.Build.0 = Release|Any CPU
	EndGlobalSection
	GlobalSection(SolutionProperties) = preSolution
		HideSolutionNode = FALSE
	EndGlobalSection
	GlobalSection(NestedProjects) = preSolution
		{1C18F533-65B9-40A0-905B-B164EA39B939} = {114505B7-033A-49F3-958E-2700A320A9D1}
		{7EAA83C2-DCF2-4A7E-B3AF-17877B31587A} = {D85EBFFF-F543-4BE2-B400-715E43FAADBC}
		{861B4072-0B09-4631-A1A2-FA743B2E4E56} = {114505B7-033A-49F3-958E-2700A320A9D1}
		{0C0C657F-0E4D-4656-A844-5683223331F4} = {114505B7-033A-49F3-958E-2700A320A9D1}
		{5C19E4ED-B4B6-4F3F-AC65-329FE4827CB5} = {114505B7-033A-49F3-958E-2700A320A9D1}
		{C0FC6982-FA90-4A29-A45E-E7E1EED170E2} = {79C29B76-2CCF-4971-A123-EE4564F7AF3B}
		{B61D6211-3E5F-4656-BE0E-0504F80B252D} = {114505B7-033A-49F3-958E-2700A320A9D1}
		{96113307-7855-47D8-B439-B8C7D7B603B3} = {114505B7-033A-49F3-958E-2700A320A9D1}
		{1552D342-CE3C-4D44-A30E-26F1139246CE} = {114505B7-033A-49F3-958E-2700A320A9D1}
		{1D585ADB-CD66-494A-8696-7C960989FA28} = {515FC6E7-5CA5-4935-A95F-7DC251D4E5BC}
	EndGlobalSection
	GlobalSection(ExtensibilityGlobals) = postSolution
		SolutionGuid = {3884AA1E-DF04-48D4-95BD-15253C90A91C}
	EndGlobalSection
EndGlobal
